
Microsoft Visual Studio Solution File, Format Version 12.00
# Visual Studio Version 17
VisualStudioVersion = 17.5.33530.505
MinimumVisualStudioVersion = 10.0.40219.1
Project("{FAE04EC0-301F-11D3-BF4B-00C04F79EFBC}") = "Case2Aflevering", "Case2Aflevering.csproj", "{1AE5096E-2CFC-4A89-9044-9CA73E030FDB}"
EndProject
Global
	GlobalSection(SolutionConfigurationPlatforms) = preSolution
		Debug|Any CPU = Debug|Any CPU
		Release|Any CPU = Release|Any CPU
	EndGlobalSection
	GlobalSection(ProjectConfigurationPlatforms) = postSolution
		{1AE5096E-2CFC-4A89-9044-9CA73E030FDB}.Debug|Any CPU.ActiveCfg = Debug|Any CPU
		{1AE5096E-2CFC-4A89-9044-9CA73E030FDB}.Debug|Any CPU.Build.0 = Debug|Any CPU
		{1AE5096E-2CFC-4A89-9044-9CA73E030FDB}.Release|Any CPU.ActiveCfg = Release|Any CPU
		{1AE5096E-2CFC-4A89-9044-9CA73E030FDB}.Release|Any CPU.Build.0 = Release|Any CPU
	EndGlobalSection
	GlobalSection(SolutionProperties) = preSolution
		HideSolutionNode = FALSE
	EndGlobalSection
	GlobalSection(ExtensibilityGlobals) = postSolution
		SolutionGuid = {7B5C229D-AAE3-4EC2-9993-7338A57F00B1}
	EndGlobalSection
EndGlobal
